
Microsoft Visual Studio Solution File, Format Version 12.00
# Visual Studio Version 16
VisualStudioVersion = 16.0.32126.315
MinimumVisualStudioVersion = 10.0.40219.1
Project("{FAE04EC0-301F-11D3-BF4B-00C04F79EFBC}") = "MiscConsole", "MiscConsole.csproj", "{B55B16A7-30B8-441F-86D7-2CD9E8448A3D}"
EndProject
Global
	GlobalSection(SolutionConfigurationPlatforms) = preSolution
		Debug|Any CPU = Debug|Any CPU
		Release|Any CPU = Release|Any CPU
	EndGlobalSection
	GlobalSection(ProjectConfigurationPlatforms) = postSolution
		{B55B16A7-30B8-441F-86D7-2CD9E8448A3D}.Debug|Any CPU.ActiveCfg = Debug|Any CPU
		{B55B16A7-30B8-441F-86D7-2CD9E8448A3D}.Debug|Any CPU.Build.0 = Debug|Any CPU
		{B55B16A7-30B8-441F-86D7-2CD9E8448A3D}.Release|Any CPU.ActiveCfg = Release|Any CPU
		{B55B16A7-30B8-441F-86D7-2CD9E8448A3D}.Release|Any CPU.Build.0 = Release|Any CPU
	EndGlobalSection
	GlobalSection(SolutionProperties) = preSolution
		HideSolutionNode = FALSE
	EndGlobalSection
	GlobalSection(ExtensibilityGlobals) = postSolution
		SolutionGuid = {4E91F936-26B2-4910-B31C-281F67AA1341}
	EndGlobalSection
EndGlobal
